<?xml version="1.0" encoding="UTF-8" standalone="yes" ?>
<CodeBlocks_project_file>
	<FileVersion major="1" minor="6" />
	<Project>
		<Option title="DatotecniSustav" />
		<Option pch_mode="2" />
		<Option compiler="gcc" />
		<Build>
			<Target title="Debug">
				<Option output="bin/Debug/DatotecniSustav" prefix_auto="1" extension_auto="1" />
				<Option object_output="obj/Debug/" />
				<Option type="1" />
				<Option compiler="gcc" />
				<Compiler>
					<Add option="-g" />
				</Compiler>
			</Target>
			<Target title="Release">
				<Option output="bin/Release/DatotecniSustav" prefix_auto="1" extension_auto="1" />
				<Option object_output="obj/Release/" />
				<Option type="1" />
				<Option compiler="gcc" />
				<Compiler>
					<Add option="-O2" />
				</Compiler>
				<Linker>
					<Add option="-s" />
				</Linker>
			</Target>
		</Build>
		<Compiler>
			<Add option="-Wall" />
		</Compiler>
		<Unit filename="Main.c">
			<Option compilerVar="CC" />
		</Unit>
		<Unit filename="SuperBlock.h" />
		<Unit filename="bitmap.c">
			<Option compilerVar="CC" />
		</Unit>
		<Unit filename="bitmap.h" />
		<Unit filename="blokovni_tok.h" />
		<Unit filename="direktorij.h" />
		<Unit filename="disk_simulator.c">
			<Option compilerVar="CC" />
		</Unit>
		<Unit filename="disk_simulator.h" />
		<Unit filename="ds_adresa.h" />
		<Unit filename="ds_disk_operacije.c">
			<Option compilerVar="CC" />
		</Unit>
		<Unit filename="ds_disk_operacije.h" />
		<Unit filename="ds_operacije.h" />
		<Unit filename="format.c">
			<Option compilerVar="CC" />
		</Unit>
		<Unit filename="format.h" />
		<Unit filename="global.h" />
		<Unit filename="inode.h">
			<Option target="&lt;{~None~}&gt;" />
		</Unit>
		<Unit filename="meni.c">
			<Option compilerVar="CC" />
		</Unit>
		<Unit filename="meni.h" />
		<Unit filename="podatkovni_tok.h" />
		<Unit filename="user.h" />
		<Extensions>
			<code_completion />
			<debugger />
		</Extensions>
	</Project>
</CodeBlocks_project_file>
